# THIS IS AN AUTOGENERATED FILE. DO NOT EDIT THIS FILE DIRECTLY.
# yarn lockfile v1


"@arr/every@^1.0.0":
  version "1.0.0"
  resolved "https://registry.yarnpkg.com/@arr/every/-/every-1.0.0.tgz#314f8168f50ae48a032cfdad5fdb436f464a97ac"
  integrity sha1-MU+BaPUK5IoDLP2tX9tDb0ZKl6w=

matchit@^1.0.0:
  version "1.0.7"
  resolved "https://registry.yarnpkg.com/matchit/-/matchit-1.0.7.tgz#6fec56cd0eee7dc11fb5624ed4cd70d40b2ac949"
  integrity sha512-6GQP+4ukhBEL4pQPQlipd51XnpOlycit/3o6p4XhhZt2+9hc7JlHr7NuWbTLQ2MdSzcxR603L7LF4T8x1e1mXA==
  dependencies:
    "@arr/every" "^1.0.0"

mime-db@~1.37.0:
  version "1.37.0"
  resolved "https://registry.yarnpkg.com/mime-db/-/mime-db-1.37.0.tgz#0b6a0ce6fdbe9576e25f1f2d2fde8830dc0ad0d8"
  integrity sha512-R3C4db6bgQhlIhPU48fUtdVmKnflq+hRdad7IyKhtFj06VPNVdk2RhiYL3UjQIlso8L+YxAtFkobT0VK+S/ybg==

mime-types@^2.1.21:
  version "2.1.21"
  resolved "https://registry.yarnpkg.com/mime-types/-/mime-types-2.1.21.tgz#28995aa1ecb770742fe6ae7e58f9181c744b3f96"
  integrity sha512-3iL6DbwpyLzjR3xHSFNFeb9Nz/M8WDkX33t1GFQnFOllWk8pOrh/LSrB5OXlnlW5P9LH73X6loW/eogc+F5lJg==
  dependencies:
    mime-db "~1.37.0"

trouter@^2.0.1:
  version "2.0.1"
  resolved "https://registry.yarnpkg.com/trouter/-/trouter-2.0.1.tgz#2726a5f8558e090d24c3a393f09eaab1df232df6"
  integrity sha512-kr8SKKw94OI+xTGOkfsvwZQ8mWoikZDd2n8XZHjJVZUARZT+4/VV6cacRS6CLsH9bNm+HFIPU1Zx4CnNnb4qlQ==
  dependencies:
    matchit "^1.0.0"
